{
  "nodes": {
    "nixpkgs": {
      "locked": {
        "lastModified": 1667921968,
        "narHash": "sha256-EI+//LbhUzX471LHq8GgB+oUHpdA2rsiXpY1q5tDYGw=",
        "owner": "NixOS",
        "repo": "nixpkgs",
        "rev": "df2bcbbd1c2aa144261cf1b0003c889c075dc693",
        "type": "github"
      },
      "original": {
        "owner": "NixOS",
        "ref": "nixos-22.05",
        "repo": "nixpkgs",
        "type": "github"
      }
    },
    "nixpkgs_2": {
      "locked": {
        "lastModified": 1655567057,
        "narHash": "sha256-Cc5hQSMsTzOHmZnYm8OSJ5RNUp22bd5NADWLHorULWQ=",
        "owner": "NixOS",
        "repo": "nixpkgs",
        "rev": "e0a42267f73ea52adc061a64650fddc59906fc99",
        "type": "github"
      },
      "original": {
        "owner": "NixOS",
        "ref": "nixpkgs-unstable",
        "repo": "nixpkgs",
        "type": "github"
      }
    },
    "root": {
      "inputs": {
        "nixpkgs": "nixpkgs",
        "signal-flags": "signal-flags"
      }
    },
    "signal-flags": {
      "inputs": {
        "nixpkgs": "nixpkgs_2",
        "utils": "utils"
      },
      "locked": {
        "lastModified": 1668057666,
        "narHash": "sha256-SYUNOVRqriTlcLltQzbNeDuACkDCNWQu17b+eNbUzpU=",
        "owner": "abidingabi",
        "repo": "signal-flags",
        "rev": "df02ade42d638bfea0222362cb8255e7257ac775",
        "type": "github"
      },
      "original": {
        "owner": "abidingabi",
        "repo": "signal-flags",
        "type": "github"
      }
    },
    "utils": {
      "locked": {
        "lastModified": 1653893745,
        "narHash": "sha256-0jntwV3Z8//YwuOjzhV2sgJJPt+HY6KhU7VZUL0fKZQ=",
        "owner": "numtide",
        "repo": "flake-utils",
        "rev": "1ed9fb1935d260de5fe1c2f7ee0ebaae17ed2fa1",
        "type": "github"
      },
      "original": {
        "owner": "numtide",
        "repo": "flake-utils",
        "type": "github"
      }
    }
  },
  "root": "root",
  "version": 7
}
